# This file is autogenerated, do not edit; changes may be undone by the next 'dep ensure'.


[[projects]]
  digest = "1:014e79cf5c422dd0547a87bde33c7f7b3cd29116a96fac8897c7e50f18531dea"
  name = "github.com/aws/aws-lambda-go"
  packages = [
    "events",
    "lambda",
    "lambda/messages",
    "lambdacontext",
  ]
  pruneopts = "UT"
  revision = "2d482ef09017ae953b1e8d5a6ddac5b696663a3c"
  version = "v1.6.0"

[[projects]]
  digest = "1:165c57576daca73641bb467e48f319adf4c11b36d765f6eaea27c35fe9e165e0"
  name = "github.com/faultline/faultline-go"
  packages = [
    "faultline",
    "internal/lrucache",
  ]
  pruneopts = "UT"
  revision = "b83f3c43ad81c58d097dc39de76476a328602ee8"
  version = "v0.1.0"

[[projects]]
  branch = "master"
  digest = "1:6b3d9c65ec0e4c7f48429cba15ca0114cf4d10201168ee42ef082f9fd24c4bbc"
  name = "github.com/fnproject/fdk-go"
  packages = [
    ".",
    "utils",
  ]
  pruneopts = "UT"
  revision = "1c783fe496250a3e27445273fb43cace6fd4ee2b"

[[projects]]
  digest = "1:7b5c6e2eeaa9ae5907c391a91c132abfd5c9e8a784a341b5625e750c67e6825d"
  name = "github.com/gorilla/websocket"
  packages = ["."]
  pruneopts = "UT"
  revision = "66b9c49e59c6c48f0ffce28c2d8b8a5678502c6d"
  version = "v1.4.0"

[[projects]]
  branch = "master"
  digest = "1:4bb7ebe6b9b2aa64aca3fcc5d35380348b2d5fc3fe5d3f540b85947a02641186"
  name = "github.com/lestrrat-go/bufferpool"
  packages = ["."]
  pruneopts = "UT"
  revision = "e7784e1b3e37191cf8ffaf14170f2703cd96c2cd"

[[projects]]
  branch = "master"
  digest = "1:7a4e32f0f27d294de349c00a827db6acd1e2fd5ba5f50e27eabaf0dc765d9cb5"
  name = "github.com/lestrrat-go/ical"
  packages = ["."]
  pruneopts = "UT"
  revision = "fbfb9a8b4a93a2150e8e8f8426c1fe82dae24c17"

[[projects]]
  digest = "1:95d38d218bf2290987c6b0e885a9f0f2d3d3239235acaddca01c3fe36e5e5566"
  name = "github.com/nlopes/slack"
  packages = [
    ".",
    "slackutilsx",
  ]
  pruneopts = "UT"
  revision = "b9033a72a20bf84563485e86a2adbea4bf265804"
  version = "v0.4.0"

[[projects]]
  digest = "1:40e195917a951a8bf867cd05de2a46aaf1806c50cf92eebf4c16f78cd196f747"
  name = "github.com/pkg/errors"
  packages = ["."]
  pruneopts = "UT"
  revision = "645ef00459ed84a119197bfb8d8205042c6df63d"
  version = "v0.8.0"

[solve-meta]
  analyzer-name = "dep"
  analyzer-version = 1
  input-imports = [
    "github.com/aws/aws-lambda-go/events",
    "github.com/aws/aws-lambda-go/lambda",
    "github.com/faultline/faultline-go/faultline",
    "github.com/fnproject/fdk-go",
    "github.com/lestrrat-go/ical",
    "github.com/nlopes/slack",
  ]
  solver-name = "gps-cdcl"
  solver-version = 1
